
Microsoft Visual Studio Solution File, Format Version 12.00
# Visual Studio 14
VisualStudioVersion = 14.0.25420.1
MinimumVisualStudioVersion = 10.0.40219.1
Project("{FAE04EC0-301F-11D3-BF4B-00C04F79EFBC}") = "DinerMAX 3000 Console", "DinerMAX 3000 Console\DinerMAX 3000 Console.csproj", "{8C42059D-0FCE-4204-8124-22B8D11BA823}"
EndProject
Project("{FAE04EC0-301F-11D3-BF4B-00C04F79EFBC}") = "DinerMax3000BussinessLayer", "DinerMax3000BussinessLayer\DinerMax3000BussinessLayer.csproj", "{099A6EB1-D171-4C4A-97B3-BABF9C3A5AC4}"
EndProject
Global
	GlobalSection(SolutionConfigurationPlatforms) = preSolution
		Debug|Any CPU = Debug|Any CPU
		Release|Any CPU = Release|Any CPU
	EndGlobalSection
	GlobalSection(ProjectConfigurationPlatforms) = postSolution
		{8C42059D-0FCE-4204-8124-22B8D11BA823}.Debug|Any CPU.ActiveCfg = Debug|Any CPU
		{8C42059D-0FCE-4204-8124-22B8D11BA823}.Debug|Any CPU.Build.0 = Debug|Any CPU
		{8C42059D-0FCE-4204-8124-22B8D11BA823}.Release|Any CPU.ActiveCfg = Release|Any CPU
		{8C42059D-0FCE-4204-8124-22B8D11BA823}.Release|Any CPU.Build.0 = Release|Any CPU
		{099A6EB1-D171-4C4A-97B3-BABF9C3A5AC4}.Debug|Any CPU.ActiveCfg = Debug|Any CPU
		{099A6EB1-D171-4C4A-97B3-BABF9C3A5AC4}.Debug|Any CPU.Build.0 = Debug|Any CPU
		{099A6EB1-D171-4C4A-97B3-BABF9C3A5AC4}.Release|Any CPU.ActiveCfg = Release|Any CPU
		{099A6EB1-D171-4C4A-97B3-BABF9C3A5AC4}.Release|Any CPU.Build.0 = Release|Any CPU
	EndGlobalSection
	GlobalSection(SolutionProperties) = preSolution
		HideSolutionNode = FALSE
	EndGlobalSection
EndGlobal
